Microsoft Visual Studio Solution File, Format Version 11.00
# Visual Studio 2008

Project("{ADF916A8-EDA5-4238-BE47-241751FDA9C7}") = "treasurehunt2", "Assembly-CSharp-firstpass.csproj", "{FB466809-BFF4-4AA4-58D3-01D5233E8272}"
EndProject
Project("{ADF916A8-EDA5-4238-BE47-241751FDA9C7}") = "treasurehunt2", "Assembly-CSharp.csproj", "{7264D530-0D1C-DD73-1AA0-B61838C71216}"
EndProject
Project("{ADF916A8-EDA5-4238-BE47-241751FDA9C7}") = "treasurehunt2", "Assembly-CSharp-Editor.csproj", "{5EE2976C-D968-3E72-A857-C9FD50BA40C4}"
EndProject
Global
	GlobalSection(SolutionConfigurationPlatforms) = preSolution
		Debug|Any CPU = Debug|Any CPU
		Release|Any CPU = Release|Any CPU
	EndGlobalSection
	GlobalSection(ProjectConfigurationPlatforms) = postSolution
		{FB466809-BFF4-4AA4-58D3-01D5233E8272}.Debug|Any CPU.ActiveCfg = Debug|Any CPU
		{FB466809-BFF4-4AA4-58D3-01D5233E8272}.Debug|Any CPU.Build.0 = Debug|Any CPU
		{FB466809-BFF4-4AA4-58D3-01D5233E8272}.Release|Any CPU.ActiveCfg = Release|Any CPU
		{FB466809-BFF4-4AA4-58D3-01D5233E8272}.Release|Any CPU.Build.0 = Release|Any CPU
		{7264D530-0D1C-DD73-1AA0-B61838C71216}.Debug|Any CPU.ActiveCfg = Debug|Any CPU
		{7264D530-0D1C-DD73-1AA0-B61838C71216}.Debug|Any CPU.Build.0 = Debug|Any CPU
		{7264D530-0D1C-DD73-1AA0-B61838C71216}.Release|Any CPU.ActiveCfg = Release|Any CPU
		{7264D530-0D1C-DD73-1AA0-B61838C71216}.Release|Any CPU.Build.0 = Release|Any CPU
		{5EE2976C-D968-3E72-A857-C9FD50BA40C4}.Debug|Any CPU.ActiveCfg = Debug|Any CPU
		{5EE2976C-D968-3E72-A857-C9FD50BA40C4}.Debug|Any CPU.Build.0 = Debug|Any CPU
		{5EE2976C-D968-3E72-A857-C9FD50BA40C4}.Release|Any CPU.ActiveCfg = Release|Any CPU
		{5EE2976C-D968-3E72-A857-C9FD50BA40C4}.Release|Any CPU.Build.0 = Release|Any CPU
	EndGlobalSection
	GlobalSection(SolutionProperties) = preSolution
		HideSolutionNode = FALSE
	EndGlobalSection
	GlobalSection(MonoDevelopProperties) = preSolution
		StartupItem = Assembly-CSharp.csproj
	EndGlobalSection
EndGlobal
